
Microsoft Visual Studio Solution File, Format Version 12.00
# Visual Studio Version 16
VisualStudioVersion = 16.0.29613.14
MinimumVisualStudioVersion = 10.0.40219.1
Project("{9A19103F-16F7-4668-BE54-9A1E7A4F7556}") = "Top5Radio.API", "Top5Radio.API\Top5Radio.API.csproj", "{C18509A4-1989-4235-9351-185AEA41318A}"
EndProject
Project("{9A19103F-16F7-4668-BE54-9A1E7A4F7556}") = "Top5Radio.UnitTests", "Top5Radio.UnitTests\Top5Radio.UnitTests.csproj", "{BC8A85D4-53A5-4268-ABB0-05720D9939F3}"
EndProject
Project("{9A19103F-16F7-4668-BE54-9A1E7A4F7556}") = "Top5Radio.Admin", "Top5Radio.Admin\Top5Radio.Admin.csproj", "{B6CFEF25-7235-4323-B3B5-7AFEB5C9579F}"
EndProject
Project("{FAE04EC0-301F-11D3-BF4B-00C04F79EFBC}") = "Top5Radio.Shared", "Top5Radio.Shared\Top5Radio.Shared.csproj", "{FB58D174-B95B-4A7D-B358-3430EA8EBA34}"
EndProject
Global
	GlobalSection(SolutionConfigurationPlatforms) = preSolution
		Debug|Any CPU = Debug|Any CPU
		Release|Any CPU = Release|Any CPU
	EndGlobalSection
	GlobalSection(ProjectConfigurationPlatforms) = postSolution
		{C18509A4-1989-4235-9351-185AEA41318A}.Debug|Any CPU.ActiveCfg = Debug|Any CPU
		{C18509A4-1989-4235-9351-185AEA41318A}.Debug|Any CPU.Build.0 = Debug|Any CPU
		{C18509A4-1989-4235-9351-185AEA41318A}.Release|Any CPU.ActiveCfg = Release|Any CPU
		{C18509A4-1989-4235-9351-185AEA41318A}.Release|Any CPU.Build.0 = Release|Any CPU
		{BC8A85D4-53A5-4268-ABB0-05720D9939F3}.Debug|Any CPU.ActiveCfg = Debug|Any CPU
		{BC8A85D4-53A5-4268-ABB0-05720D9939F3}.Debug|Any CPU.Build.0 = Debug|Any CPU
		{BC8A85D4-53A5-4268-ABB0-05720D9939F3}.Release|Any CPU.ActiveCfg = Release|Any CPU
		{BC8A85D4-53A5-4268-ABB0-05720D9939F3}.Release|Any CPU.Build.0 = Release|Any CPU
		{B6CFEF25-7235-4323-B3B5-7AFEB5C9579F}.Debug|Any CPU.ActiveCfg = Debug|Any CPU
		{B6CFEF25-7235-4323-B3B5-7AFEB5C9579F}.Debug|Any CPU.Build.0 = Debug|Any CPU
		{B6CFEF25-7235-4323-B3B5-7AFEB5C9579F}.Release|Any CPU.ActiveCfg = Release|Any CPU
		{B6CFEF25-7235-4323-B3B5-7AFEB5C9579F}.Release|Any CPU.Build.0 = Release|Any CPU
		{FB58D174-B95B-4A7D-B358-3430EA8EBA34}.Debug|Any CPU.ActiveCfg = Debug|Any CPU
		{FB58D174-B95B-4A7D-B358-3430EA8EBA34}.Debug|Any CPU.Build.0 = Debug|Any CPU
		{FB58D174-B95B-4A7D-B358-3430EA8EBA34}.Release|Any CPU.ActiveCfg = Release|Any CPU
		{FB58D174-B95B-4A7D-B358-3430EA8EBA34}.Release|Any CPU.Build.0 = Release|Any CPU
	EndGlobalSection
	GlobalSection(SolutionProperties) = preSolution
		HideSolutionNode = FALSE
	EndGlobalSection
	GlobalSection(ExtensibilityGlobals) = postSolution
		SolutionGuid = {63388081-E105-45D1-84B8-19659713C823}
	EndGlobalSection
EndGlobal
